
Microsoft Visual Studio Solution File, Format Version 12.00
# Visual Studio 15
VisualStudioVersion = 15.0.28307.329
MinimumVisualStudioVersion = 10.0.40219.1
Project("{FAE04EC0-301F-11D3-BF4B-00C04F79EFBC}") = "uri1003", "uri1003\uri1003.csproj", "{FE797747-8BF3-4B5C-A9CC-B8B1E73944CD}"
EndProject
Global
	GlobalSection(SolutionConfigurationPlatforms) = preSolution
		Debug|Any CPU = Debug|Any CPU
		Release|Any CPU = Release|Any CPU
	EndGlobalSection
	GlobalSection(ProjectConfigurationPlatforms) = postSolution
		{FE797747-8BF3-4B5C-A9CC-B8B1E73944CD}.Debug|Any CPU.ActiveCfg = Debug|Any CPU
		{FE797747-8BF3-4B5C-A9CC-B8B1E73944CD}.Debug|Any CPU.Build.0 = Debug|Any CPU
		{FE797747-8BF3-4B5C-A9CC-B8B1E73944CD}.Release|Any CPU.ActiveCfg = Release|Any CPU
		{FE797747-8BF3-4B5C-A9CC-B8B1E73944CD}.Release|Any CPU.Build.0 = Release|Any CPU
	EndGlobalSection
	GlobalSection(SolutionProperties) = preSolution
		HideSolutionNode = FALSE
	EndGlobalSection
	GlobalSection(ExtensibilityGlobals) = postSolution
		SolutionGuid = {2FBE0AB5-01F1-488A-89B6-3C4B4AE41B15}
	EndGlobalSection
EndGlobal
