
Microsoft Visual Studio Solution File, Format Version 12.00
# Visual Studio 15
VisualStudioVersion = 15.0.28307.329
MinimumVisualStudioVersion = 10.0.40219.1
Project("{FAE04EC0-301F-11D3-BF4B-00C04F79EFBC}") = "uri1070", "uri1070\uri1070.csproj", "{F2B06FB8-C6C1-4511-933C-D6894C455C27}"
EndProject
Global
	GlobalSection(SolutionConfigurationPlatforms) = preSolution
		Debug|Any CPU = Debug|Any CPU
		Release|Any CPU = Release|Any CPU
	EndGlobalSection
	GlobalSection(ProjectConfigurationPlatforms) = postSolution
		{F2B06FB8-C6C1-4511-933C-D6894C455C27}.Debug|Any CPU.ActiveCfg = Debug|Any CPU
		{F2B06FB8-C6C1-4511-933C-D6894C455C27}.Debug|Any CPU.Build.0 = Debug|Any CPU
		{F2B06FB8-C6C1-4511-933C-D6894C455C27}.Release|Any CPU.ActiveCfg = Release|Any CPU
		{F2B06FB8-C6C1-4511-933C-D6894C455C27}.Release|Any CPU.Build.0 = Release|Any CPU
	EndGlobalSection
	GlobalSection(SolutionProperties) = preSolution
		HideSolutionNode = FALSE
	EndGlobalSection
	GlobalSection(ExtensibilityGlobals) = postSolution
		SolutionGuid = {DF81A4FE-83E7-4972-8907-5FBA0B60EBF5}
	EndGlobalSection
EndGlobal
