
Microsoft Visual Studio Solution File, Format Version 12.00
# Visual Studio 15
VisualStudioVersion = 15.0.28307.329
MinimumVisualStudioVersion = 10.0.40219.1
Project("{FAE04EC0-301F-11D3-BF4B-00C04F79EFBC}") = "uri1113_exercicioResolvido", "uri1113_exercicioResolvido\uri1113_exercicioResolvido.csproj", "{093BA69C-DF64-4190-B856-FCCEA2CAECC5}"
EndProject
Global
	GlobalSection(SolutionConfigurationPlatforms) = preSolution
		Debug|Any CPU = Debug|Any CPU
		Release|Any CPU = Release|Any CPU
	EndGlobalSection
	GlobalSection(ProjectConfigurationPlatforms) = postSolution
		{093BA69C-DF64-4190-B856-FCCEA2CAECC5}.Debug|Any CPU.ActiveCfg = Debug|Any CPU
		{093BA69C-DF64-4190-B856-FCCEA2CAECC5}.Debug|Any CPU.Build.0 = Debug|Any CPU
		{093BA69C-DF64-4190-B856-FCCEA2CAECC5}.Release|Any CPU.ActiveCfg = Release|Any CPU
		{093BA69C-DF64-4190-B856-FCCEA2CAECC5}.Release|Any CPU.Build.0 = Release|Any CPU
	EndGlobalSection
	GlobalSection(SolutionProperties) = preSolution
		HideSolutionNode = FALSE
	EndGlobalSection
	GlobalSection(ExtensibilityGlobals) = postSolution
		SolutionGuid = {98CE6FD8-1AD0-4905-A4B2-775826405E0B}
	EndGlobalSection
EndGlobal
