
Microsoft Visual Studio Solution File, Format Version 12.00
# Visual Studio 15
VisualStudioVersion = 15.0.28307.329
MinimumVisualStudioVersion = 10.0.40219.1
Project("{FAE04EC0-301F-11D3-BF4B-00C04F79EFBC}") = "uri1060_numerosPositivos", "uri1060_numerosPositivos\uri1060_numerosPositivos.csproj", "{6EDDD3F3-1C23-416F-8F60-68C0EB34A46B}"
EndProject
Global
	GlobalSection(SolutionConfigurationPlatforms) = preSolution
		Debug|Any CPU = Debug|Any CPU
		Release|Any CPU = Release|Any CPU
	EndGlobalSection
	GlobalSection(ProjectConfigurationPlatforms) = postSolution
		{6EDDD3F3-1C23-416F-8F60-68C0EB34A46B}.Debug|Any CPU.ActiveCfg = Debug|Any CPU
		{6EDDD3F3-1C23-416F-8F60-68C0EB34A46B}.Debug|Any CPU.Build.0 = Debug|Any CPU
		{6EDDD3F3-1C23-416F-8F60-68C0EB34A46B}.Release|Any CPU.ActiveCfg = Release|Any CPU
		{6EDDD3F3-1C23-416F-8F60-68C0EB34A46B}.Release|Any CPU.Build.0 = Release|Any CPU
	EndGlobalSection
	GlobalSection(SolutionProperties) = preSolution
		HideSolutionNode = FALSE
	EndGlobalSection
	GlobalSection(ExtensibilityGlobals) = postSolution
		SolutionGuid = {EC6AE73F-A208-44E3-9C99-8CA01A38D87F}
	EndGlobalSection
EndGlobal
