
Microsoft Visual Studio Solution File, Format Version 12.00
# Visual Studio 15
VisualStudioVersion = 15.0.28307.329
MinimumVisualStudioVersion = 10.0.40219.1
Project("{FAE04EC0-301F-11D3-BF4B-00C04F79EFBC}") = "uri1020_IdadeEmDias", "uri1020_IdadeEmDias\uri1020_IdadeEmDias.csproj", "{149C145A-BD49-4282-BF32-C9FD3176A096}"
EndProject
Global
	GlobalSection(SolutionConfigurationPlatforms) = preSolution
		Debug|Any CPU = Debug|Any CPU
		Release|Any CPU = Release|Any CPU
	EndGlobalSection
	GlobalSection(ProjectConfigurationPlatforms) = postSolution
		{149C145A-BD49-4282-BF32-C9FD3176A096}.Debug|Any CPU.ActiveCfg = Debug|Any CPU
		{149C145A-BD49-4282-BF32-C9FD3176A096}.Debug|Any CPU.Build.0 = Debug|Any CPU
		{149C145A-BD49-4282-BF32-C9FD3176A096}.Release|Any CPU.ActiveCfg = Release|Any CPU
		{149C145A-BD49-4282-BF32-C9FD3176A096}.Release|Any CPU.Build.0 = Release|Any CPU
	EndGlobalSection
	GlobalSection(SolutionProperties) = preSolution
		HideSolutionNode = FALSE
	EndGlobalSection
	GlobalSection(ExtensibilityGlobals) = postSolution
		SolutionGuid = {CC588FC0-3C3D-4FCF-99CD-28D4EFAA4EFD}
	EndGlobalSection
EndGlobal
