
Microsoft Visual Studio Solution File, Format Version 12.00
# Visual Studio 15
VisualStudioVersion = 15.0.28307.329
MinimumVisualStudioVersion = 10.0.40219.1
Project("{FAE04EC0-301F-11D3-BF4B-00C04F79EFBC}") = "exResolvidoPara03", "exResolvidoPara03\exResolvidoPara03.csproj", "{F2B25634-8924-4842-84F3-77DA14883ED0}"
EndProject
Global
	GlobalSection(SolutionConfigurationPlatforms) = preSolution
		Debug|Any CPU = Debug|Any CPU
		Release|Any CPU = Release|Any CPU
	EndGlobalSection
	GlobalSection(ProjectConfigurationPlatforms) = postSolution
		{F2B25634-8924-4842-84F3-77DA14883ED0}.Debug|Any CPU.ActiveCfg = Debug|Any CPU
		{F2B25634-8924-4842-84F3-77DA14883ED0}.Debug|Any CPU.Build.0 = Debug|Any CPU
		{F2B25634-8924-4842-84F3-77DA14883ED0}.Release|Any CPU.ActiveCfg = Release|Any CPU
		{F2B25634-8924-4842-84F3-77DA14883ED0}.Release|Any CPU.Build.0 = Release|Any CPU
	EndGlobalSection
	GlobalSection(SolutionProperties) = preSolution
		HideSolutionNode = FALSE
	EndGlobalSection
	GlobalSection(ExtensibilityGlobals) = postSolution
		SolutionGuid = {F4A2954B-B216-4B3F-910C-375D469F8231}
	EndGlobalSection
EndGlobal
