
Microsoft Visual Studio Solution File, Format Version 12.00
# Visual Studio 15
VisualStudioVersion = 15.0.28307.329
MinimumVisualStudioVersion = 10.0.40219.1
Project("{FAE04EC0-301F-11D3-BF4B-00C04F79EFBC}") = "uri1021_notaMoeda", "uri1021_notaMoeda\uri1021_notaMoeda.csproj", "{741D6C16-6C1A-4F01-B225-0E135D6C42D2}"
EndProject
Global
	GlobalSection(SolutionConfigurationPlatforms) = preSolution
		Debug|Any CPU = Debug|Any CPU
		Release|Any CPU = Release|Any CPU
	EndGlobalSection
	GlobalSection(ProjectConfigurationPlatforms) = postSolution
		{741D6C16-6C1A-4F01-B225-0E135D6C42D2}.Debug|Any CPU.ActiveCfg = Debug|Any CPU
		{741D6C16-6C1A-4F01-B225-0E135D6C42D2}.Debug|Any CPU.Build.0 = Debug|Any CPU
		{741D6C16-6C1A-4F01-B225-0E135D6C42D2}.Release|Any CPU.ActiveCfg = Release|Any CPU
		{741D6C16-6C1A-4F01-B225-0E135D6C42D2}.Release|Any CPU.Build.0 = Release|Any CPU
	EndGlobalSection
	GlobalSection(SolutionProperties) = preSolution
		HideSolutionNode = FALSE
	EndGlobalSection
	GlobalSection(ExtensibilityGlobals) = postSolution
		SolutionGuid = {5090E1F8-108E-460D-B4F3-072E6F4C409E}
	EndGlobalSection
EndGlobal
