
Microsoft Visual Studio Solution File, Format Version 12.00
# Visual Studio 15
VisualStudioVersion = 15.0.28307.329
MinimumVisualStudioVersion = 10.0.40219.1
Project("{FAE04EC0-301F-11D3-BF4B-00C04F79EFBC}") = "uri1052_mes", "uri1052_mes\uri1052_mes.csproj", "{5AEEA840-BB02-48CF-864D-EA760AFE529D}"
EndProject
Global
	GlobalSection(SolutionConfigurationPlatforms) = preSolution
		Debug|Any CPU = Debug|Any CPU
		Release|Any CPU = Release|Any CPU
	EndGlobalSection
	GlobalSection(ProjectConfigurationPlatforms) = postSolution
		{5AEEA840-BB02-48CF-864D-EA760AFE529D}.Debug|Any CPU.ActiveCfg = Debug|Any CPU
		{5AEEA840-BB02-48CF-864D-EA760AFE529D}.Debug|Any CPU.Build.0 = Debug|Any CPU
		{5AEEA840-BB02-48CF-864D-EA760AFE529D}.Release|Any CPU.ActiveCfg = Release|Any CPU
		{5AEEA840-BB02-48CF-864D-EA760AFE529D}.Release|Any CPU.Build.0 = Release|Any CPU
	EndGlobalSection
	GlobalSection(SolutionProperties) = preSolution
		HideSolutionNode = FALSE
	EndGlobalSection
	GlobalSection(ExtensibilityGlobals) = postSolution
		SolutionGuid = {E2C8E7F1-4ED5-4A4F-B003-7B8B831D00ED}
	EndGlobalSection
EndGlobal
