
Microsoft Visual Studio Solution File, Format Version 12.00
# Visual Studio 15
VisualStudioVersion = 15.0.28307.329
MinimumVisualStudioVersion = 10.0.40219.1
Project("{FAE04EC0-301F-11D3-BF4B-00C04F79EFBC}") = "uri1046_tempoDeJogo", "uri1046_tempoDeJogo\uri1046_tempoDeJogo.csproj", "{6A333F8F-4C65-4061-9429-5855D840A0D9}"
EndProject
Global
	GlobalSection(SolutionConfigurationPlatforms) = preSolution
		Debug|Any CPU = Debug|Any CPU
		Release|Any CPU = Release|Any CPU
	EndGlobalSection
	GlobalSection(ProjectConfigurationPlatforms) = postSolution
		{6A333F8F-4C65-4061-9429-5855D840A0D9}.Debug|Any CPU.ActiveCfg = Debug|Any CPU
		{6A333F8F-4C65-4061-9429-5855D840A0D9}.Debug|Any CPU.Build.0 = Debug|Any CPU
		{6A333F8F-4C65-4061-9429-5855D840A0D9}.Release|Any CPU.ActiveCfg = Release|Any CPU
		{6A333F8F-4C65-4061-9429-5855D840A0D9}.Release|Any CPU.Build.0 = Release|Any CPU
	EndGlobalSection
	GlobalSection(SolutionProperties) = preSolution
		HideSolutionNode = FALSE
	EndGlobalSection
	GlobalSection(ExtensibilityGlobals) = postSolution
		SolutionGuid = {DF144420-F016-44A3-B6A2-73320D50645A}
	EndGlobalSection
EndGlobal
