
Microsoft Visual Studio Solution File, Format Version 12.00
# Visual Studio 15
VisualStudioVersion = 15.0.28307.329
MinimumVisualStudioVersion = 10.0.40219.1
Project("{FAE04EC0-301F-11D3-BF4B-00C04F79EFBC}") = "uri1004", "uri1004\uri1004.csproj", "{92B95618-3A0B-4F1C-8DF8-6C412A6A207E}"
EndProject
Global
	GlobalSection(SolutionConfigurationPlatforms) = preSolution
		Debug|Any CPU = Debug|Any CPU
		Release|Any CPU = Release|Any CPU
	EndGlobalSection
	GlobalSection(ProjectConfigurationPlatforms) = postSolution
		{92B95618-3A0B-4F1C-8DF8-6C412A6A207E}.Debug|Any CPU.ActiveCfg = Debug|Any CPU
		{92B95618-3A0B-4F1C-8DF8-6C412A6A207E}.Debug|Any CPU.Build.0 = Debug|Any CPU
		{92B95618-3A0B-4F1C-8DF8-6C412A6A207E}.Release|Any CPU.ActiveCfg = Release|Any CPU
		{92B95618-3A0B-4F1C-8DF8-6C412A6A207E}.Release|Any CPU.Build.0 = Release|Any CPU
	EndGlobalSection
	GlobalSection(SolutionProperties) = preSolution
		HideSolutionNode = FALSE
	EndGlobalSection
	GlobalSection(ExtensibilityGlobals) = postSolution
		SolutionGuid = {F3DC274E-F53E-48A2-B38B-9C66A0B57E62}
	EndGlobalSection
EndGlobal
