
Microsoft Visual Studio Solution File, Format Version 12.00
# Visual Studio 15
VisualStudioVersion = 15.0.28307.329
MinimumVisualStudioVersion = 10.0.40219.1
Project("{FAE04EC0-301F-11D3-BF4B-00C04F79EFBC}") = "uri1036_bhaskara", "uri1036_bhaskara\uri1036_bhaskara.csproj", "{EB81F9CB-0BB2-42A3-9954-61BF0633A0D0}"
EndProject
Global
	GlobalSection(SolutionConfigurationPlatforms) = preSolution
		Debug|Any CPU = Debug|Any CPU
		Release|Any CPU = Release|Any CPU
	EndGlobalSection
	GlobalSection(ProjectConfigurationPlatforms) = postSolution
		{EB81F9CB-0BB2-42A3-9954-61BF0633A0D0}.Debug|Any CPU.ActiveCfg = Debug|Any CPU
		{EB81F9CB-0BB2-42A3-9954-61BF0633A0D0}.Debug|Any CPU.Build.0 = Debug|Any CPU
		{EB81F9CB-0BB2-42A3-9954-61BF0633A0D0}.Release|Any CPU.ActiveCfg = Release|Any CPU
		{EB81F9CB-0BB2-42A3-9954-61BF0633A0D0}.Release|Any CPU.Build.0 = Release|Any CPU
	EndGlobalSection
	GlobalSection(SolutionProperties) = preSolution
		HideSolutionNode = FALSE
	EndGlobalSection
	GlobalSection(ExtensibilityGlobals) = postSolution
		SolutionGuid = {F35A629F-C025-407C-977B-094FFC47333F}
	EndGlobalSection
EndGlobal
