
Microsoft Visual Studio Solution File, Format Version 12.00
# Visual Studio 15
VisualStudioVersion = 15.0.28307.329
MinimumVisualStudioVersion = 10.0.40219.1
Project("{FAE04EC0-301F-11D3-BF4B-00C04F79EFBC}") = "teoria_facaEnquanto", "teoria_facaEnquanto\teoria_facaEnquanto.csproj", "{69A7760B-589A-48A9-B2E0-346AA9733C3D}"
EndProject
Global
	GlobalSection(SolutionConfigurationPlatforms) = preSolution
		Debug|Any CPU = Debug|Any CPU
		Release|Any CPU = Release|Any CPU
	EndGlobalSection
	GlobalSection(ProjectConfigurationPlatforms) = postSolution
		{69A7760B-589A-48A9-B2E0-346AA9733C3D}.Debug|Any CPU.ActiveCfg = Debug|Any CPU
		{69A7760B-589A-48A9-B2E0-346AA9733C3D}.Debug|Any CPU.Build.0 = Debug|Any CPU
		{69A7760B-589A-48A9-B2E0-346AA9733C3D}.Release|Any CPU.ActiveCfg = Release|Any CPU
		{69A7760B-589A-48A9-B2E0-346AA9733C3D}.Release|Any CPU.Build.0 = Release|Any CPU
	EndGlobalSection
	GlobalSection(SolutionProperties) = preSolution
		HideSolutionNode = FALSE
	EndGlobalSection
	GlobalSection(ExtensibilityGlobals) = postSolution
		SolutionGuid = {22B1A10E-C498-4E0D-B5BF-BE9108B067A5}
	EndGlobalSection
EndGlobal
