
Microsoft Visual Studio Solution File, Format Version 12.00
# Visual Studio 15
VisualStudioVersion = 15.0.28307.329
MinimumVisualStudioVersion = 10.0.40219.1
Project("{FAE04EC0-301F-11D3-BF4B-00C04F79EFBC}") = "uri1012_Area", "uri1012_Area\uri1012_Area.csproj", "{88C011CE-B506-4779-A653-D37E3AB0598B}"
EndProject
Global
	GlobalSection(SolutionConfigurationPlatforms) = preSolution
		Debug|Any CPU = Debug|Any CPU
		Release|Any CPU = Release|Any CPU
	EndGlobalSection
	GlobalSection(ProjectConfigurationPlatforms) = postSolution
		{88C011CE-B506-4779-A653-D37E3AB0598B}.Debug|Any CPU.ActiveCfg = Debug|Any CPU
		{88C011CE-B506-4779-A653-D37E3AB0598B}.Debug|Any CPU.Build.0 = Debug|Any CPU
		{88C011CE-B506-4779-A653-D37E3AB0598B}.Release|Any CPU.ActiveCfg = Release|Any CPU
		{88C011CE-B506-4779-A653-D37E3AB0598B}.Release|Any CPU.Build.0 = Release|Any CPU
	EndGlobalSection
	GlobalSection(SolutionProperties) = preSolution
		HideSolutionNode = FALSE
	EndGlobalSection
	GlobalSection(ExtensibilityGlobals) = postSolution
		SolutionGuid = {0EB102A0-04AC-45CA-9D35-BC1E0ECD3663}
	EndGlobalSection
EndGlobal
